
Microsoft Visual Studio Solution File, Format Version 12.00
# Visual Studio Version 17
VisualStudioVersion = 17.1.32210.238
MinimumVisualStudioVersion = 10.0.40219.1
Project("{2150E333-8FDC-42A3-9474-1A3956D46DE8}") = "Solution Items", "Solution Items", "{39C7FE6E-D839-4A8D-AA64-00FDAFD27ECA}"
	ProjectSection(SolutionItems) = preProject
		.editorconfig = .editorconfig
		common\CommonAssemblyInfo.cs = common\CommonAssemblyInfo.cs
		Directory.Build.props = Directory.Build.props
		Directory.Build.targets = Directory.Build.targets
		common\key.snk = common\key.snk
		LICENSE = LICENSE
		README.markdown = README.markdown
	EndProjectSection
EndProject
Project("{2150E333-8FDC-42A3-9474-1A3956D46DE8}") = "git", "git", "{223B9AB6-FD70-491E-B15D-306F27B53298}"
EndProject
Project("{2150E333-8FDC-42A3-9474-1A3956D46DE8}") = "utility", "utility", "{4FC01153-459D-4F54-A6F9-D544B0471FAE}"
EndProject
Project("{9A19103F-16F7-4668-BE54-9A1E7A4F7556}") = "gitter.ui", "gitter.ui.prj\gitter.ui.csproj", "{5E2FBE20-2DB0-4713-94B3-FD8E4020C33D}"
EndProject
Project("{9A19103F-16F7-4668-BE54-9A1E7A4F7556}") = "gitter.fw", "gitter.fw.prj\gitter.fw.csproj", "{A3B10F01-35EB-466D-89CE-D3BAA3047344}"
EndProject
Project("{9A19103F-16F7-4668-BE54-9A1E7A4F7556}") = "gitter.git", "gitter.git.prj\gitter.git.csproj", "{03C71F7F-5D27-43C7-9467-2DF533C6C01B}"
EndProject
Project("{9A19103F-16F7-4668-BE54-9A1E7A4F7556}") = "gitter.redmine", "gitter.redmine.prj\gitter.redmine.csproj", "{122AA8B0-795B-4DD8-8650-11675D946F3E}"
EndProject
Project("{9A19103F-16F7-4668-BE54-9A1E7A4F7556}") = "gitter.uac", "gitter.uac.prj\gitter.uac.csproj", "{A1E4C299-2A68-4029-8481-0900CA5FDD4D}"
EndProject
Project("{9A19103F-16F7-4668-BE54-9A1E7A4F7556}") = "gitter.updater", "gitter.updater.prj\gitter.updater.csproj", "{5FC433DF-B282-4F71-882E-EF04EB7E34E8}"
EndProject
Project("{9A19103F-16F7-4668-BE54-9A1E7A4F7556}") = "gitter.askpass", "gitter.askpass.prj\gitter.askpass.csproj", "{BAF35255-1B7E-4599-BC31-D9A25FD9F1AB}"
EndProject
Project("{9A19103F-16F7-4668-BE54-9A1E7A4F7556}") = "gitter.git.cli", "gitter.git.cli.prj\gitter.git.cli.csproj", "{7FB6E14E-6A25-44D4-8E57-DE075D301ADC}"
EndProject
Project("{9A19103F-16F7-4668-BE54-9A1E7A4F7556}") = "gitter.git.fw", "gitter.git.fw.prj\gitter.git.fw.csproj", "{C2307D21-25F9-47F8-901E-99B07AB66C39}"
EndProject
Project("{9A19103F-16F7-4668-BE54-9A1E7A4F7556}") = "gitter.git.gui", "gitter.git.gui.prj\gitter.git.gui.csproj", "{EED74876-43EB-4EF6-BD27-8F9EB4D29CF9}"
EndProject
Project("{9A19103F-16F7-4668-BE54-9A1E7A4F7556}") = "gitter.teamcity", "gitter.teamcity.prj\gitter.teamcity.csproj", "{F939CB90-A1FD-4A3C-84FA-097BA644F254}"
EndProject
Project("{2150E333-8FDC-42A3-9474-1A3956D46DE8}") = "extensions", "extensions", "{6C73BA10-7F0D-4346-A8A2-02123B6BA5AC}"
EndProject
Project("{9A19103F-16F7-4668-BE54-9A1E7A4F7556}") = "gitter.gitlab", "gitter.gitlab.prj\gitter.gitlab.csproj", "{C0B732B1-8213-4736-B49A-BA7E814EB897}"
EndProject
Project("{9A19103F-16F7-4668-BE54-9A1E7A4F7556}") = "gitter.hunspell", "gitter.hunspell.prj\gitter.hunspell.csproj", "{5AFBFD78-BB75-4FFC-84A8-2BD823E11A3E}"
EndProject
Global
	GlobalSection(SolutionConfigurationPlatforms) = preSolution
		Debug|Any CPU = Debug|Any CPU
		Release|Any CPU = Release|Any CPU
	EndGlobalSection
	GlobalSection(ProjectConfigurationPlatforms) = postSolution
		{5E2FBE20-2DB0-4713-94B3-FD8E4020C33D}.Debug|Any CPU.ActiveCfg = Debug|Any CPU
		{5E2FBE20-2DB0-4713-94B3-FD8E4020C33D}.Debug|Any CPU.Build.0 = Debug|Any CPU
		{5E2FBE20-2DB0-4713-94B3-FD8E4020C33D}.Release|Any CPU.ActiveCfg = Release|Any CPU
		{5E2FBE20-2DB0-4713-94B3-FD8E4020C33D}.Release|Any CPU.Build.0 = Release|Any CPU
		{A3B10F01-35EB-466D-89CE-D3BAA3047344}.Debug|Any CPU.ActiveCfg = Debug|Any CPU
		{A3B10F01-35EB-466D-89CE-D3BAA3047344}.Debug|Any CPU.Build.0 = Debug|Any CPU
		{A3B10F01-35EB-466D-89CE-D3BAA3047344}.Release|Any CPU.ActiveCfg = Release|Any CPU
		{A3B10F01-35EB-466D-89CE-D3BAA3047344}.Release|Any CPU.Build.0 = Release|Any CPU
		{03C71F7F-5D27-43C7-9467-2DF533C6C01B}.Debug|Any CPU.ActiveCfg = Debug|Any CPU
		{03C71F7F-5D27-43C7-9467-2DF533C6C01B}.Debug|Any CPU.Build.0 = Debug|Any CPU
		{03C71F7F-5D27-43C7-9467-2DF533C6C01B}.Release|Any CPU.ActiveCfg = Release|Any CPU
		{03C71F7F-5D27-43C7-9467-2DF533C6C01B}.Release|Any CPU.Build.0 = Release|Any CPU
		{122AA8B0-795B-4DD8-8650-11675D946F3E}.Debug|Any CPU.ActiveCfg = Debug|Any CPU
		{122AA8B0-795B-4DD8-8650-11675D946F3E}.Debug|Any CPU.Build.0 = Debug|Any CPU
		{122AA8B0-795B-4DD8-8650-11675D946F3E}.Release|Any CPU.ActiveCfg = Release|Any CPU
		{122AA8B0-795B-4DD8-8650-11675D946F3E}.Release|Any CPU.Build.0 = Release|Any CPU
		{A1E4C299-2A68-4029-8481-0900CA5FDD4D}.Debug|Any CPU.ActiveCfg = Debug|Any CPU
		{A1E4C299-2A68-4029-8481-0900CA5FDD4D}.Debug|Any CPU.Build.0 = Debug|Any CPU
		{A1E4C299-2A68-4029-8481-0900CA5FDD4D}.Release|Any CPU.ActiveCfg = Release|Any CPU
		{A1E4C299-2A68-4029-8481-0900CA5FDD4D}.Release|Any CPU.Build.0 = Release|Any CPU
		{5FC433DF-B282-4F71-882E-EF04EB7E34E8}.Debug|Any CPU.ActiveCfg = Debug|Any CPU
		{5FC433DF-B282-4F71-882E-EF04EB7E34E8}.Debug|Any CPU.Build.0 = Debug|Any CPU
		{5FC433DF-B282-4F71-882E-EF04EB7E34E8}.Release|Any CPU.ActiveCfg = Release|Any CPU
		{5FC433DF-B282-4F71-882E-EF04EB7E34E8}.Release|Any CPU.Build.0 = Release|Any CPU
		{BAF35255-1B7E-4599-BC31-D9A25FD9F1AB}.Debug|Any CPU.ActiveCfg = Debug|Any CPU
		{BAF35255-1B7E-4599-BC31-D9A25FD9F1AB}.Debug|Any CPU.Build.0 = Debug|Any CPU
		{BAF35255-1B7E-4599-BC31-D9A25FD9F1AB}.Release|Any CPU.ActiveCfg = Release|Any CPU
		{BAF35255-1B7E-4599-BC31-D9A25FD9F1AB}.Release|Any CPU.Build.0 = Release|Any CPU
		{7FB6E14E-6A25-44D4-8E57-DE075D301ADC}.Debug|Any CPU.ActiveCfg = Debug|Any CPU
		{7FB6E14E-6A25-44D4-8E57-DE075D301ADC}.Debug|Any CPU.Build.0 = Debug|Any CPU
		{7FB6E14E-6A25-44D4-8E57-DE075D301ADC}.Release|Any CPU.ActiveCfg = Release|Any CPU
		{7FB6E14E-6A25-44D4-8E57-DE075D301ADC}.Release|Any CPU.Build.0 = Release|Any CPU
		{C2307D21-25F9-47F8-901E-99B07AB66C39}.Debug|Any CPU.ActiveCfg = Debug|Any CPU
		{C2307D21-25F9-47F8-901E-99B07AB66C39}.Debug|Any CPU.Build.0 = Debug|Any CPU
		{C2307D21-25F9-47F8-901E-99B07AB66C39}.Release|Any CPU.ActiveCfg = Release|Any CPU
		{C2307D21-25F9-47F8-901E-99B07AB66C39}.Release|Any CPU.Build.0 = Release|Any CPU
		{EED74876-43EB-4EF6-BD27-8F9EB4D29CF9}.Debug|Any CPU.ActiveCfg = Debug|Any CPU
		{EED74876-43EB-4EF6-BD27-8F9EB4D29CF9}.Debug|Any CPU.Build.0 = Debug|Any CPU
		{EED74876-43EB-4EF6-BD27-8F9EB4D29CF9}.Release|Any CPU.ActiveCfg = Release|Any CPU
		{EED74876-43EB-4EF6-BD27-8F9EB4D29CF9}.Release|Any CPU.Build.0 = Release|Any CPU
		{F939CB90-A1FD-4A3C-84FA-097BA644F254}.Debug|Any CPU.ActiveCfg = Debug|Any CPU
		{F939CB90-A1FD-4A3C-84FA-097BA644F254}.Debug|Any CPU.Build.0 = Debug|Any CPU
		{F939CB90-A1FD-4A3C-84FA-097BA644F254}.Release|Any CPU.ActiveCfg = Release|Any CPU
		{F939CB90-A1FD-4A3C-84FA-097BA644F254}.Release|Any CPU.Build.0 = Release|Any CPU
		{C0B732B1-8213-4736-B49A-BA7E814EB897}.Debug|Any CPU.ActiveCfg = Debug|Any CPU
		{C0B732B1-8213-4736-B49A-BA7E814EB897}.Debug|Any CPU.Build.0 = Debug|Any CPU
		{C0B732B1-8213-4736-B49A-BA7E814EB897}.Release|Any CPU.ActiveCfg = Release|Any CPU
		{C0B732B1-8213-4736-B49A-BA7E814EB897}.Release|Any CPU.Build.0 = Release|Any CPU
		{5AFBFD78-BB75-4FFC-84A8-2BD823E11A3E}.Debug|Any CPU.ActiveCfg = Debug|Any CPU
		{5AFBFD78-BB75-4FFC-84A8-2BD823E11A3E}.Debug|Any CPU.Build.0 = Debug|Any CPU
		{5AFBFD78-BB75-4FFC-84A8-2BD823E11A3E}.Release|Any CPU.ActiveCfg = Release|Any CPU
		{5AFBFD78-BB75-4FFC-84A8-2BD823E11A3E}.Release|Any CPU.Build.0 = Release|Any CPU
	EndGlobalSection
	GlobalSection(SolutionProperties) = preSolution
		HideSolutionNode = FALSE
	EndGlobalSection
	GlobalSection(NestedProjects) = preSolution
		{03C71F7F-5D27-43C7-9467-2DF533C6C01B} = {223B9AB6-FD70-491E-B15D-306F27B53298}
		{122AA8B0-795B-4DD8-8650-11675D946F3E} = {6C73BA10-7F0D-4346-A8A2-02123B6BA5AC}
		{A1E4C299-2A68-4029-8481-0900CA5FDD4D} = {4FC01153-459D-4F54-A6F9-D544B0471FAE}
		{5FC433DF-B282-4F71-882E-EF04EB7E34E8} = {4FC01153-459D-4F54-A6F9-D544B0471FAE}
		{BAF35255-1B7E-4599-BC31-D9A25FD9F1AB} = {4FC01153-459D-4F54-A6F9-D544B0471FAE}
		{7FB6E14E-6A25-44D4-8E57-DE075D301ADC} = {223B9AB6-FD70-491E-B15D-306F27B53298}
		{C2307D21-25F9-47F8-901E-99B07AB66C39} = {223B9AB6-FD70-491E-B15D-306F27B53298}
		{EED74876-43EB-4EF6-BD27-8F9EB4D29CF9} = {223B9AB6-FD70-491E-B15D-306F27B53298}
		{F939CB90-A1FD-4A3C-84FA-097BA644F254} = {6C73BA10-7F0D-4346-A8A2-02123B6BA5AC}
		{C0B732B1-8213-4736-B49A-BA7E814EB897} = {6C73BA10-7F0D-4346-A8A2-02123B6BA5AC}
	EndGlobalSection
	GlobalSection(ExtensibilityGlobals) = postSolution
		SolutionGuid = {B0E541CB-F854-4795-84EF-50A8EF011FBB}
	EndGlobalSection
EndGlobal
